
Microsoft Visual Studio Solution File, Format Version 12.00
# Visual Studio Version 16
VisualStudioVersion = 16.0.29123.89
MinimumVisualStudioVersion = 10.0.40219.1
Project("{FAE04EC0-301F-11D3-BF4B-00C04F79EFBC}") = "Semana07.Android", "Semana07\Semana07.Android\Semana07.Android.csproj", "{52991513-D01C-4BE0-8F47-88FDCD649591}"
EndProject
Project("{FAE04EC0-301F-11D3-BF4B-00C04F79EFBC}") = "Semana07.iOS", "Semana07\Semana07.iOS\Semana07.iOS.csproj", "{087E9823-2C18-4EF9-8D56-F89F56EC533A}"
EndProject
Project("{FAE04EC0-301F-11D3-BF4B-00C04F79EFBC}") = "Semana07", "Semana07\Semana07\Semana07.csproj", "{79BCEACE-49AD-45AE-BFC9-0FF260DAF2A8}"
EndProject
Global
	GlobalSection(SolutionConfigurationPlatforms) = preSolution
		Debug|Any CPU = Debug|Any CPU
		Debug|iPhone = Debug|iPhone
		Debug|iPhoneSimulator = Debug|iPhoneSimulator
		Release|Any CPU = Release|Any CPU
		Release|iPhone = Release|iPhone
		Release|iPhoneSimulator = Release|iPhoneSimulator
	EndGlobalSection
	GlobalSection(ProjectConfigurationPlatforms) = postSolution
		{52991513-D01C-4BE0-8F47-88FDCD649591}.Debug|Any CPU.ActiveCfg = Debug|Any CPU
		{52991513-D01C-4BE0-8F47-88FDCD649591}.Debug|Any CPU.Build.0 = Debug|Any CPU
		{52991513-D01C-4BE0-8F47-88FDCD649591}.Debug|Any CPU.Deploy.0 = Debug|Any CPU
		{52991513-D01C-4BE0-8F47-88FDCD649591}.Debug|iPhone.ActiveCfg = Debug|Any CPU
		{52991513-D01C-4BE0-8F47-88FDCD649591}.Debug|iPhone.Build.0 = Debug|Any CPU
		{52991513-D01C-4BE0-8F47-88FDCD649591}.Debug|iPhone.Deploy.0 = Debug|Any CPU
		{52991513-D01C-4BE0-8F47-88FDCD649591}.Debug|iPhoneSimulator.ActiveCfg = Debug|Any CPU
		{52991513-D01C-4BE0-8F47-88FDCD649591}.Debug|iPhoneSimulator.Build.0 = Debug|Any CPU
		{52991513-D01C-4BE0-8F47-88FDCD649591}.Debug|iPhoneSimulator.Deploy.0 = Debug|Any CPU
		{52991513-D01C-4BE0-8F47-88FDCD649591}.Release|Any CPU.ActiveCfg = Release|Any CPU
		{52991513-D01C-4BE0-8F47-88FDCD649591}.Release|Any CPU.Build.0 = Release|Any CPU
		{52991513-D01C-4BE0-8F47-88FDCD649591}.Release|Any CPU.Deploy.0 = Release|Any CPU
		{52991513-D01C-4BE0-8F47-88FDCD649591}.Release|iPhone.ActiveCfg = Release|Any CPU
		{52991513-D01C-4BE0-8F47-88FDCD649591}.Release|iPhone.Build.0 = Release|Any CPU
		{52991513-D01C-4BE0-8F47-88FDCD649591}.Release|iPhone.Deploy.0 = Release|Any CPU
		{52991513-D01C-4BE0-8F47-88FDCD649591}.Release|iPhoneSimulator.ActiveCfg = Release|Any CPU
		{52991513-D01C-4BE0-8F47-88FDCD649591}.Release|iPhoneSimulator.Build.0 = Release|Any CPU
		{52991513-D01C-4BE0-8F47-88FDCD649591}.Release|iPhoneSimulator.Deploy.0 = Release|Any CPU
		{087E9823-2C18-4EF9-8D56-F89F56EC533A}.Debug|Any CPU.ActiveCfg = Debug|iPhoneSimulator
		{087E9823-2C18-4EF9-8D56-F89F56EC533A}.Debug|Any CPU.Build.0 = Debug|iPhoneSimulator
		{087E9823-2C18-4EF9-8D56-F89F56EC533A}.Debug|Any CPU.Deploy.0 = Debug|iPhoneSimulator
		{087E9823-2C18-4EF9-8D56-F89F56EC533A}.Debug|iPhone.ActiveCfg = Debug|iPhone
		{087E9823-2C18-4EF9-8D56-F89F56EC533A}.Debug|iPhone.Build.0 = Debug|iPhone
		{087E9823-2C18-4EF9-8D56-F89F56EC533A}.Debug|iPhone.Deploy.0 = Debug|iPhone
		{087E9823-2C18-4EF9-8D56-F89F56EC533A}.Debug|iPhoneSimulator.ActiveCfg = Debug|iPhoneSimulator
		{087E9823-2C18-4EF9-8D56-F89F56EC533A}.Debug|iPhoneSimulator.Build.0 = Debug|iPhoneSimulator
		{087E9823-2C18-4EF9-8D56-F89F56EC533A}.Debug|iPhoneSimulator.Deploy.0 = Debug|iPhoneSimulator
		{087E9823-2C18-4EF9-8D56-F89F56EC533A}.Release|Any CPU.ActiveCfg = Release|iPhone
		{087E9823-2C18-4EF9-8D56-F89F56EC533A}.Release|Any CPU.Build.0 = Release|iPhone
		{087E9823-2C18-4EF9-8D56-F89F56EC533A}.Release|Any CPU.Deploy.0 = Release|iPhone
		{087E9823-2C18-4EF9-8D56-F89F56EC533A}.Release|iPhone.ActiveCfg = Release|iPhone
		{087E9823-2C18-4EF9-8D56-F89F56EC533A}.Release|iPhone.Build.0 = Release|iPhone
		{087E9823-2C18-4EF9-8D56-F89F56EC533A}.Release|iPhone.Deploy.0 = Release|iPhone
		{087E9823-2C18-4EF9-8D56-F89F56EC533A}.Release|iPhoneSimulator.ActiveCfg = Release|iPhoneSimulator
		{087E9823-2C18-4EF9-8D56-F89F56EC533A}.Release|iPhoneSimulator.Build.0 = Release|iPhoneSimulator
		{087E9823-2C18-4EF9-8D56-F89F56EC533A}.Release|iPhoneSimulator.Deploy.0 = Release|iPhoneSimulator
		{79BCEACE-49AD-45AE-BFC9-0FF260DAF2A8}.Debug|Any CPU.ActiveCfg = Debug|Any CPU
		{79BCEACE-49AD-45AE-BFC9-0FF260DAF2A8}.Debug|Any CPU.Build.0 = Debug|Any CPU
		{79BCEACE-49AD-45AE-BFC9-0FF260DAF2A8}.Debug|Any CPU.Deploy.0 = Debug|Any CPU
		{79BCEACE-49AD-45AE-BFC9-0FF260DAF2A8}.Debug|iPhone.ActiveCfg = Debug|Any CPU
		{79BCEACE-49AD-45AE-BFC9-0FF260DAF2A8}.Debug|iPhone.Build.0 = Debug|Any CPU
		{79BCEACE-49AD-45AE-BFC9-0FF260DAF2A8}.Debug|iPhone.Deploy.0 = Debug|Any CPU
		{79BCEACE-49AD-45AE-BFC9-0FF260DAF2A8}.Debug|iPhoneSimulator.ActiveCfg = Debug|Any CPU
		{79BCEACE-49AD-45AE-BFC9-0FF260DAF2A8}.Debug|iPhoneSimulator.Build.0 = Debug|Any CPU
		{79BCEACE-49AD-45AE-BFC9-0FF260DAF2A8}.Debug|iPhoneSimulator.Deploy.0 = Debug|Any CPU
		{79BCEACE-49AD-45AE-BFC9-0FF260DAF2A8}.Release|Any CPU.ActiveCfg = Release|Any CPU
		{79BCEACE-49AD-45AE-BFC9-0FF260DAF2A8}.Release|Any CPU.Build.0 = Release|Any CPU
		{79BCEACE-49AD-45AE-BFC9-0FF260DAF2A8}.Release|Any CPU.Deploy.0 = Release|Any CPU
		{79BCEACE-49AD-45AE-BFC9-0FF260DAF2A8}.Release|iPhone.ActiveCfg = Release|Any CPU
		{79BCEACE-49AD-45AE-BFC9-0FF260DAF2A8}.Release|iPhone.Build.0 = Release|Any CPU
		{79BCEACE-49AD-45AE-BFC9-0FF260DAF2A8}.Release|iPhone.Deploy.0 = Release|Any CPU
		{79BCEACE-49AD-45AE-BFC9-0FF260DAF2A8}.Release|iPhoneSimulator.ActiveCfg = Release|Any CPU
		{79BCEACE-49AD-45AE-BFC9-0FF260DAF2A8}.Release|iPhoneSimulator.Build.0 = Release|Any CPU
		{79BCEACE-49AD-45AE-BFC9-0FF260DAF2A8}.Release|iPhoneSimulator.Deploy.0 = Release|Any CPU
	EndGlobalSection
	GlobalSection(SolutionProperties) = preSolution
		HideSolutionNode = FALSE
	EndGlobalSection
	GlobalSection(ExtensibilityGlobals) = postSolution
		SolutionGuid = {C49086A6-5573-41BF-8917-E8E1A43F30FB}
	EndGlobalSection
EndGlobal
